
Microsoft Visual Studio Solution File, Format Version 12.00
# Visual Studio Version 17
VisualStudioVersion = 17.6.33829.357
MinimumVisualStudioVersion = 10.0.40219.1
Project("{FAE04EC0-301F-11D3-BF4B-00C04F79EFBC}") = "TelegramBotNotification.Console", "TelegramBotNotification.Console\TelegramBotNotification.Console.csproj", "{487B81DA-32D3-49F0-87B1-D1D261DD875C}"
EndProject
Global
	GlobalSection(SolutionConfigurationPlatforms) = preSolution
		Debug|Any CPU = Debug|Any CPU
		Release|Any CPU = Release|Any CPU
	EndGlobalSection
	GlobalSection(ProjectConfigurationPlatforms) = postSolution
		{487B81DA-32D3-49F0-87B1-D1D261DD875C}.Debug|Any CPU.ActiveCfg = Debug|Any CPU
		{487B81DA-32D3-49F0-87B1-D1D261DD875C}.Debug|Any CPU.Build.0 = Debug|Any CPU
		{487B81DA-32D3-49F0-87B1-D1D261DD875C}.Release|Any CPU.ActiveCfg = Release|Any CPU
		{487B81DA-32D3-49F0-87B1-D1D261DD875C}.Release|Any CPU.Build.0 = Release|Any CPU
	EndGlobalSection
	GlobalSection(SolutionProperties) = preSolution
		HideSolutionNode = FALSE
	EndGlobalSection
	GlobalSection(ExtensibilityGlobals) = postSolution
		SolutionGuid = {83FD55BB-6C2A-40ED-9857-D7CAE92E49C3}
	EndGlobalSection
EndGlobal
